
Microsoft Visual Studio Solution File, Format Version 12.00
# Visual Studio Version 16
VisualStudioVersion = 16.0.31313.79
MinimumVisualStudioVersion = 10.0.40219.1
Project("{FAE04EC0-301F-11D3-BF4B-00C04F79EFBC}") = "CheckDays.Android", "CheckDays\CheckDays.Android\CheckDays.Android.csproj", "{36894F09-806C-4BB5-8111-1C5AF93B4074}"
EndProject
Project("{FAE04EC0-301F-11D3-BF4B-00C04F79EFBC}") = "CheckDays.iOS", "CheckDays\CheckDays.iOS\CheckDays.iOS.csproj", "{664F2461-4C43-453C-B426-BF4A9522AAD8}"
EndProject
Project("{FAE04EC0-301F-11D3-BF4B-00C04F79EFBC}") = "CheckDays", "CheckDays\CheckDays\CheckDays.csproj", "{336A09A4-29BA-469E-9589-17F75B6010EE}"
EndProject
Global
	GlobalSection(SolutionConfigurationPlatforms) = preSolution
		Debug|Any CPU = Debug|Any CPU
		Debug|iPhone = Debug|iPhone
		Debug|iPhoneSimulator = Debug|iPhoneSimulator
		Release|Any CPU = Release|Any CPU
		Release|iPhone = Release|iPhone
		Release|iPhoneSimulator = Release|iPhoneSimulator
	EndGlobalSection
	GlobalSection(ProjectConfigurationPlatforms) = postSolution
		{36894F09-806C-4BB5-8111-1C5AF93B4074}.Debug|Any CPU.ActiveCfg = Debug|Any CPU
		{36894F09-806C-4BB5-8111-1C5AF93B4074}.Debug|Any CPU.Build.0 = Debug|Any CPU
		{36894F09-806C-4BB5-8111-1C5AF93B4074}.Debug|Any CPU.Deploy.0 = Debug|Any CPU
		{36894F09-806C-4BB5-8111-1C5AF93B4074}.Debug|iPhone.ActiveCfg = Debug|Any CPU
		{36894F09-806C-4BB5-8111-1C5AF93B4074}.Debug|iPhone.Build.0 = Debug|Any CPU
		{36894F09-806C-4BB5-8111-1C5AF93B4074}.Debug|iPhone.Deploy.0 = Debug|Any CPU
		{36894F09-806C-4BB5-8111-1C5AF93B4074}.Debug|iPhoneSimulator.ActiveCfg = Debug|Any CPU
		{36894F09-806C-4BB5-8111-1C5AF93B4074}.Debug|iPhoneSimulator.Build.0 = Debug|Any CPU
		{36894F09-806C-4BB5-8111-1C5AF93B4074}.Debug|iPhoneSimulator.Deploy.0 = Debug|Any CPU
		{36894F09-806C-4BB5-8111-1C5AF93B4074}.Release|Any CPU.ActiveCfg = Release|Any CPU
		{36894F09-806C-4BB5-8111-1C5AF93B4074}.Release|Any CPU.Build.0 = Release|Any CPU
		{36894F09-806C-4BB5-8111-1C5AF93B4074}.Release|Any CPU.Deploy.0 = Release|Any CPU
		{36894F09-806C-4BB5-8111-1C5AF93B4074}.Release|iPhone.ActiveCfg = Release|Any CPU
		{36894F09-806C-4BB5-8111-1C5AF93B4074}.Release|iPhone.Build.0 = Release|Any CPU
		{36894F09-806C-4BB5-8111-1C5AF93B4074}.Release|iPhone.Deploy.0 = Release|Any CPU
		{36894F09-806C-4BB5-8111-1C5AF93B4074}.Release|iPhoneSimulator.ActiveCfg = Release|Any CPU
		{36894F09-806C-4BB5-8111-1C5AF93B4074}.Release|iPhoneSimulator.Build.0 = Release|Any CPU
		{36894F09-806C-4BB5-8111-1C5AF93B4074}.Release|iPhoneSimulator.Deploy.0 = Release|Any CPU
		{664F2461-4C43-453C-B426-BF4A9522AAD8}.Debug|Any CPU.ActiveCfg = Debug|iPhone
		{664F2461-4C43-453C-B426-BF4A9522AAD8}.Debug|Any CPU.Build.0 = Debug|iPhone
		{664F2461-4C43-453C-B426-BF4A9522AAD8}.Debug|Any CPU.Deploy.0 = Debug|iPhone
		{664F2461-4C43-453C-B426-BF4A9522AAD8}.Debug|iPhone.ActiveCfg = Debug|iPhone
		{664F2461-4C43-453C-B426-BF4A9522AAD8}.Debug|iPhone.Build.0 = Debug|iPhone
		{664F2461-4C43-453C-B426-BF4A9522AAD8}.Debug|iPhone.Deploy.0 = Debug|iPhone
		{664F2461-4C43-453C-B426-BF4A9522AAD8}.Debug|iPhoneSimulator.ActiveCfg = Debug|iPhoneSimulator
		{664F2461-4C43-453C-B426-BF4A9522AAD8}.Debug|iPhoneSimulator.Build.0 = Debug|iPhoneSimulator
		{664F2461-4C43-453C-B426-BF4A9522AAD8}.Debug|iPhoneSimulator.Deploy.0 = Debug|iPhoneSimulator
		{664F2461-4C43-453C-B426-BF4A9522AAD8}.Release|Any CPU.ActiveCfg = Release|iPhoneSimulator
		{664F2461-4C43-453C-B426-BF4A9522AAD8}.Release|Any CPU.Build.0 = Release|iPhoneSimulator
		{664F2461-4C43-453C-B426-BF4A9522AAD8}.Release|Any CPU.Deploy.0 = Release|iPhoneSimulator
		{664F2461-4C43-453C-B426-BF4A9522AAD8}.Release|iPhone.ActiveCfg = Release|iPhone
		{664F2461-4C43-453C-B426-BF4A9522AAD8}.Release|iPhone.Build.0 = Release|iPhone
		{664F2461-4C43-453C-B426-BF4A9522AAD8}.Release|iPhone.Deploy.0 = Release|iPhone
		{664F2461-4C43-453C-B426-BF4A9522AAD8}.Release|iPhoneSimulator.ActiveCfg = Release|iPhoneSimulator
		{664F2461-4C43-453C-B426-BF4A9522AAD8}.Release|iPhoneSimulator.Build.0 = Release|iPhoneSimulator
		{664F2461-4C43-453C-B426-BF4A9522AAD8}.Release|iPhoneSimulator.Deploy.0 = Release|iPhoneSimulator
		{336A09A4-29BA-469E-9589-17F75B6010EE}.Debug|Any CPU.ActiveCfg = Debug|Any CPU
		{336A09A4-29BA-469E-9589-17F75B6010EE}.Debug|Any CPU.Build.0 = Debug|Any CPU
		{336A09A4-29BA-469E-9589-17F75B6010EE}.Debug|Any CPU.Deploy.0 = Debug|Any CPU
		{336A09A4-29BA-469E-9589-17F75B6010EE}.Debug|iPhone.ActiveCfg = Debug|Any CPU
		{336A09A4-29BA-469E-9589-17F75B6010EE}.Debug|iPhone.Build.0 = Debug|Any CPU
		{336A09A4-29BA-469E-9589-17F75B6010EE}.Debug|iPhone.Deploy.0 = Debug|Any CPU
		{336A09A4-29BA-469E-9589-17F75B6010EE}.Debug|iPhoneSimulator.ActiveCfg = Debug|Any CPU
		{336A09A4-29BA-469E-9589-17F75B6010EE}.Debug|iPhoneSimulator.Build.0 = Debug|Any CPU
		{336A09A4-29BA-469E-9589-17F75B6010EE}.Debug|iPhoneSimulator.Deploy.0 = Debug|Any CPU
		{336A09A4-29BA-469E-9589-17F75B6010EE}.Release|Any CPU.ActiveCfg = Release|Any CPU
		{336A09A4-29BA-469E-9589-17F75B6010EE}.Release|Any CPU.Build.0 = Release|Any CPU
		{336A09A4-29BA-469E-9589-17F75B6010EE}.Release|Any CPU.Deploy.0 = Release|Any CPU
		{336A09A4-29BA-469E-9589-17F75B6010EE}.Release|iPhone.ActiveCfg = Release|Any CPU
		{336A09A4-29BA-469E-9589-17F75B6010EE}.Release|iPhone.Build.0 = Release|Any CPU
		{336A09A4-29BA-469E-9589-17F75B6010EE}.Release|iPhone.Deploy.0 = Release|Any CPU
		{336A09A4-29BA-469E-9589-17F75B6010EE}.Release|iPhoneSimulator.ActiveCfg = Release|Any CPU
		{336A09A4-29BA-469E-9589-17F75B6010EE}.Release|iPhoneSimulator.Build.0 = Release|Any CPU
		{336A09A4-29BA-469E-9589-17F75B6010EE}.Release|iPhoneSimulator.Deploy.0 = Release|Any CPU
	EndGlobalSection
	GlobalSection(SolutionProperties) = preSolution
		HideSolutionNode = FALSE
	EndGlobalSection
	GlobalSection(ExtensibilityGlobals) = postSolution
		SolutionGuid = {A2D9BB3F-2BEC-4895-9998-F47534E0A356}
	EndGlobalSection
EndGlobal
